
Microsoft Visual Studio Solution File, Format Version 12.00
# Visual Studio Version 17
VisualStudioVersion = 17.0.32014.148
MinimumVisualStudioVersion = 10.0.40219.1
Project("{9A19103F-16F7-4668-BE54-9A1E7A4F7556}") = "SingleLinkList", "source\SingleLinkList\SingleLinkList\SingleLinkList.csproj", "{7988E8B6-E13B-44FC-BEA2-F62A59FD8795}"
EndProject
Project("{9A19103F-16F7-4668-BE54-9A1E7A4F7556}") = "BinarySearchTree", "source\BinarySearchTree\BinarySearchTree.csproj", "{F06836B9-891F-4481-9AC8-A4FC2125E2ED}"
EndProject
Project("{9A19103F-16F7-4668-BE54-9A1E7A4F7556}") = "CoinChange", "source\DynamicProgramming\CoinChange\CoinChange.csproj", "{D8346FA9-3C81-42B8-B038-A475805D3BE2}"
EndProject
Project("{9A19103F-16F7-4668-BE54-9A1E7A4F7556}") = "DPHouseRoberProblem", "source\DPHouseRoberProblem\DPHouseRoberProblem.csproj", "{87A60870-7084-4DD5-A482-C5E35BD3D455}"
EndProject
Project("{9A19103F-16F7-4668-BE54-9A1E7A4F7556}") = "MaxWeight", "source\DynamicProgramming\MaxWeight\MaxWeight\MaxWeight.csproj", "{A745821E-A4A7-4DB6-8256-8BD2FB5F7B11}"
EndProject
Project("{FAE04EC0-301F-11D3-BF4B-00C04F79EFBC}") = "SubSetSumDP", "source\DynamicProgramming\SubSetSumDP\SubSetSumDP.csproj", "{19A345D7-FDD2-460A-B60B-482F44D0CF6F}"
EndProject
Global
	GlobalSection(SolutionConfigurationPlatforms) = preSolution
		Debug|Any CPU = Debug|Any CPU
		Release|Any CPU = Release|Any CPU
	EndGlobalSection
	GlobalSection(ProjectConfigurationPlatforms) = postSolution
		{7988E8B6-E13B-44FC-BEA2-F62A59FD8795}.Debug|Any CPU.ActiveCfg = Debug|Any CPU
		{7988E8B6-E13B-44FC-BEA2-F62A59FD8795}.Debug|Any CPU.Build.0 = Debug|Any CPU
		{7988E8B6-E13B-44FC-BEA2-F62A59FD8795}.Release|Any CPU.ActiveCfg = Release|Any CPU
		{7988E8B6-E13B-44FC-BEA2-F62A59FD8795}.Release|Any CPU.Build.0 = Release|Any CPU
		{F06836B9-891F-4481-9AC8-A4FC2125E2ED}.Debug|Any CPU.ActiveCfg = Debug|Any CPU
		{F06836B9-891F-4481-9AC8-A4FC2125E2ED}.Debug|Any CPU.Build.0 = Debug|Any CPU
		{F06836B9-891F-4481-9AC8-A4FC2125E2ED}.Release|Any CPU.ActiveCfg = Release|Any CPU
		{F06836B9-891F-4481-9AC8-A4FC2125E2ED}.Release|Any CPU.Build.0 = Release|Any CPU
		{D8346FA9-3C81-42B8-B038-A475805D3BE2}.Debug|Any CPU.ActiveCfg = Debug|Any CPU
		{D8346FA9-3C81-42B8-B038-A475805D3BE2}.Debug|Any CPU.Build.0 = Debug|Any CPU
		{D8346FA9-3C81-42B8-B038-A475805D3BE2}.Release|Any CPU.ActiveCfg = Release|Any CPU
		{D8346FA9-3C81-42B8-B038-A475805D3BE2}.Release|Any CPU.Build.0 = Release|Any CPU
		{87A60870-7084-4DD5-A482-C5E35BD3D455}.Debug|Any CPU.ActiveCfg = Debug|Any CPU
		{87A60870-7084-4DD5-A482-C5E35BD3D455}.Debug|Any CPU.Build.0 = Debug|Any CPU
		{87A60870-7084-4DD5-A482-C5E35BD3D455}.Release|Any CPU.ActiveCfg = Release|Any CPU
		{87A60870-7084-4DD5-A482-C5E35BD3D455}.Release|Any CPU.Build.0 = Release|Any CPU
		{A745821E-A4A7-4DB6-8256-8BD2FB5F7B11}.Debug|Any CPU.ActiveCfg = Debug|Any CPU
		{A745821E-A4A7-4DB6-8256-8BD2FB5F7B11}.Debug|Any CPU.Build.0 = Debug|Any CPU
		{A745821E-A4A7-4DB6-8256-8BD2FB5F7B11}.Release|Any CPU.ActiveCfg = Release|Any CPU
		{A745821E-A4A7-4DB6-8256-8BD2FB5F7B11}.Release|Any CPU.Build.0 = Release|Any CPU
		{19A345D7-FDD2-460A-B60B-482F44D0CF6F}.Debug|Any CPU.ActiveCfg = Debug|Any CPU
		{19A345D7-FDD2-460A-B60B-482F44D0CF6F}.Debug|Any CPU.Build.0 = Debug|Any CPU
		{19A345D7-FDD2-460A-B60B-482F44D0CF6F}.Release|Any CPU.ActiveCfg = Release|Any CPU
		{19A345D7-FDD2-460A-B60B-482F44D0CF6F}.Release|Any CPU.Build.0 = Release|Any CPU
	EndGlobalSection
	GlobalSection(SolutionProperties) = preSolution
		HideSolutionNode = FALSE
	EndGlobalSection
	GlobalSection(ExtensibilityGlobals) = postSolution
		SolutionGuid = {900E3525-B8AD-4F66-8381-34DFD7B65C1E}
	EndGlobalSection
EndGlobal
